// !$*UTF8*$!
{
	archiveVersion = 1;
	classes = {
	};
	objectVersion = 77;
	objects = {

/* Begin PBXBuildFile section */
		EAF978742EF934CE00B221C1 /* CNNEmotions_2.mlmodel in Sources */ = {isa = PBXBuildFile; fileRef = EAF978732EF934CE00B221C1 /* CNNEmotions_2.mlmodel */; };
/* End PBXBuildFile section */

/* Begin PBXContainerItemProxy section */
		EA9331682ECEB77100AD97A9 /* PBXContainerItemProxy */ = {
			isa = PBXContainerItemProxy;
			containerPortal = EA9331522ECEB76F00AD97A9 /* Project object */;
			proxyType = 1;
			remoteGlobalIDString = EA9331592ECEB76F00AD97A9;
			remoteInfo = BoyfriendCamera;
		};
		EA9331722ECEB77100AD97A9 /* PBXContainerItemProxy */ = {
			isa = PBXContainerItemProxy;
			containerPortal = EA9331522ECEB76F00AD97A9 /* Project object */;
			proxyType = 1;
			remoteGlobalIDString = EA9331592ECEB76F00AD97A9;
			remoteInfo = BoyfriendCamera;
		};
/* End PBXContainerItemProxy section */

/* Begin PBXFileReference section */
		EA93315A2ECEB76F00AD97A9 /* BoyfriendCamera.app */ = {isa = PBXFileReference; explicitFileType = wrapper.application; includeInIndex = 0; path = BoyfriendCamera.app; sourceTree = BUILT_PRODUCTS_DIR; };
		EA9331672ECEB77100AD97A9 /* BoyfriendCameraTests.xctest */ = {isa = PBXFileReference; explicitFileType = wrapper.cfbundle; includeInIndex = 0; path = BoyfriendCameraTests.xctest; sourceTree = BUILT_PRODUCTS_DIR; };
		EA9331712ECEB77100AD97A9 /* BoyfriendCameraUITests.xctest */ = {isa = PBXFileReference; explicitFileType = wrapper.cfbundle; includeInIndex = 0; path = BoyfriendCameraUITests.xctest; sourceTree = BUILT_PRODUCTS_DIR; };
		EAF978732EF934CE00B221C1 /* CNNEmotions_2.mlmodel */ = {isa = PBXFileReference; lastKnownFileType = file.mlmodel; path = CNNEmotions_2.mlmodel; sourceTree = "<group>"; };
/* End PBXFileReference section */

/* Begin PBXFileSystemSynchronizedBuildFileExceptionSet section */
		EA4ACAA12EF7727A006DF6AB /* Exceptions for "BoyfriendCamera" folder in "BoyfriendCameraTests" target */ = {
			isa = PBXFileSystemSynchronizedBuildFileExceptionSet;
			membershipExceptions = (
				ArcZoomDial.swift,
				PhotoReviewView.swift,
				SplashScreen.swift,
				ZoomDialView.swift,
			);
			target = EA9331662ECEB77100AD97A9 /* BoyfriendCameraTests */;
		};
		EA4ACAA22EF7727A006DF6AB /* Exceptions for "BoyfriendCamera" folder in "BoyfriendCameraUITests" target */ = {
			isa = PBXFileSystemSynchronizedBuildFileExceptionSet;
			membershipExceptions = (
				ArcZoomDial.swift,
				PhotoReviewView.swift,
				SplashScreen.swift,
				ZoomDialView.swift,
			);
			target = EA9331702ECEB77100AD97A9 /* BoyfriendCameraUITests */;
		};
		EA8604332EF60492001E427E /* Exceptions for "Brain" folder in "BoyfriendCameraTests" target */ = {
			isa = PBXFileSystemSynchronizedBuildFileExceptionSet;
			membershipExceptions = (
				CompassSmoother.swift,
				LandmarkUtils.swift,
				LocationManager.swift,
				PhotoDirector.swift,
				ScopeView.swift,
				SunCalculator.swift,
			);
			target = EA9331662ECEB77100AD97A9 /* BoyfriendCameraTests */;
		};
		EA8604342EF60492001E427E /* Exceptions for "Brain" folder in "BoyfriendCameraUITests" target */ = {
			isa = PBXFileSystemSynchronizedBuildFileExceptionSet;
			membershipExceptions = (
				CompassSmoother.swift,
				LandmarkUtils.swift,
				LocationManager.swift,
				PhotoDirector.swift,
				ScopeView.swift,
				SunCalculator.swift,
			);
			target = EA9331702ECEB77100AD97A9 /* BoyfriendCameraUITests */;
		};
		EAF978252EF90EC000B221C1 /* Exceptions for "AiStuff" folder in "BoyfriendCameraTests" target */ = {
			isa = PBXFileSystemSynchronizedBuildFileExceptionSet;
			membershipExceptions = (
				AIDebugHUD.swift,
			);
			target = EA9331662ECEB77100AD97A9 /* BoyfriendCameraTests */;
		};
		EAF978262EF90EC000B221C1 /* Exceptions for "AiStuff" folder in "BoyfriendCameraUITests" target */ = {
			isa = PBXFileSystemSynchronizedBuildFileExceptionSet;
			membershipExceptions = (
				AIDebugHUD.swift,
			);
			target = EA9331702ECEB77100AD97A9 /* BoyfriendCameraUITests */;
		};
/* End PBXFileSystemSynchronizedBuildFileExceptionSet section */

/* Begin PBXFileSystemSynchronizedRootGroup section */
		EA86042C2EF60303001E427E /* Brain */ = {
			isa = PBXFileSystemSynchronizedRootGroup;
			exceptions = (
				EA8604332EF60492001E427E /* Exceptions for "Brain" folder in "BoyfriendCameraTests" target */,
				EA8604342EF60492001E427E /* Exceptions for "Brain" folder in "BoyfriendCameraUITests" target */,
			);
			path = Brain;
			sourceTree = "<group>";
		};
		EA93315C2ECEB76F00AD97A9 /* BoyfriendCamera */ = {
			isa = PBXFileSystemSynchronizedRootGroup;
			exceptions = (
				EA4ACAA12EF7727A006DF6AB /* Exceptions for "BoyfriendCamera" folder in "BoyfriendCameraTests" target */,
				EA4ACAA22EF7727A006DF6AB /* Exceptions for "BoyfriendCamera" folder in "BoyfriendCameraUITests" target */,
			);
			path = BoyfriendCamera;
			sourceTree = "<group>";
		};
		EA93316A2ECEB77100AD97A9 /* BoyfriendCameraTests */ = {
			isa = PBXFileSystemSynchronizedRootGroup;
			path = BoyfriendCameraTests;
			sourceTree = "<group>";
		};
		EA9331742ECEB77100AD97A9 /* BoyfriendCameraUITests */ = {
			isa = PBXFileSystemSynchronizedRootGroup;
			path = BoyfriendCameraUITests;
			sourceTree = "<group>";
		};
		EAF978202EF90EAE00B221C1 /* AiStuff */ = {
			isa = PBXFileSystemSynchronizedRootGroup;
			exceptions = (
				EAF978252EF90EC000B221C1 /* Exceptions for "AiStuff" folder in "BoyfriendCameraTests" target */,
				EAF978262EF90EC000B221C1 /* Exceptions for "AiStuff" folder in "BoyfriendCameraUITests" target */,
			);
			path = AiStuff;
			sourceTree = "<group>";
		};
/* End PBXFileSystemSynchronizedRootGroup section */

/* Begin PBXFrameworksBuildPhase section */
		EA9331572ECEB76F00AD97A9 /* Frameworks */ = {
			isa = PBXFrameworksBuildPhase;
			buildActionMask = 2147483647;
			files = (
			);
			runOnlyForDeploymentPostprocessing = 0;
		};
		EA9331642ECEB77100AD97A9 /* Frameworks */ = {
			isa = PBXFrameworksBuildPhase;
			buildActionMask = 2147483647;
			files = (
			);
			runOnlyForDeploymentPostprocessing = 0;
		};
		EA93316E2ECEB77100AD97A9 /* Frameworks */ = {
			isa = PBXFrameworksBuildPhase;
			buildActionMask = 2147483647;
			files = (
			);
			runOnlyForDeploymentPostprocessing = 0;
		};
/* End PBXFrameworksBuildPhase section */

/* Begin PBXGroup section */
		EA9331512ECEB76F00AD97A9 = {
			isa = PBXGroup;
			children = (
				EAF978202EF90EAE00B221C1 /* AiStuff */,
				EA93315C2ECEB76F00AD97A9 /* BoyfriendCamera */,
				EA93316A2ECEB77100AD97A9 /* BoyfriendCameraTests */,
				EA9331742ECEB77100AD97A9 /* BoyfriendCameraUITests */,
				EA93315B2ECEB76F00AD97A9 /* Products */,
				EA86042C2EF60303001E427E /* Brain */,
			);
			sourceTree = "<group>";
		};
		EA93315B2ECEB76F00AD97A9 /* Products */ = {
			isa = PBXGroup;
			children = (
				EA93315A2ECEB76F00AD97A9 /* BoyfriendCamera.app */,
				EAF978732EF934CE00B221C1 /* CNNEmotions_2.mlmodel */,
				EA9331672ECEB77100AD97A9 /* BoyfriendCameraTests.xctest */,
				EA9331712ECEB77100AD97A9 /* BoyfriendCameraUITests.xctest */,
			);
			name = Products;
			sourceTree = "<group>";
		};
/* End PBXGroup section */

/* Begin PBXNativeTarget section */
		EA9331592ECEB76F00AD97A9 /* BoyfriendCamera */ = {
			isa = PBXNativeTarget;
			buildConfigurationList = EA93317B2ECEB77100AD97A9 /* Build configuration list for PBXNativeTarget "BoyfriendCamera" */;
			buildPhases = (
				EA9331562ECEB76F00AD97A9 /* Sources */,
				EA9331572ECEB76F00AD97A9 /* Frameworks */,
				EA9331582ECEB76F00AD97A9 /* Resources */,
			);
			buildRules = (
			);
			dependencies = (
			);
			fileSystemSynchronizedGroups = (
				EA86042C2EF60303001E427E /* Brain */,
				EA93315C2ECEB76F00AD97A9 /* BoyfriendCamera */,
				EAF978202EF90EAE00B221C1 /* AiStuff */,
			);
			name = BoyfriendCamera;
			packageProductDependencies = (
			);
			productName = BoyfriendCamera;
			productReference = EA93315A2ECEB76F00AD97A9 /* BoyfriendCamera.app */;
			productType = "com.apple.product-type.application";
		};
		EA9331662ECEB77100AD97A9 /* BoyfriendCameraTests */ = {
			isa = PBXNativeTarget;
			buildConfigurationList = EA93317E2ECEB77100AD97A9 /* Build configuration list for PBXNativeTarget "BoyfriendCameraTests" */;
			buildPhases = (
				EA9331632ECEB77100AD97A9 /* Sources */,
				EA9331642ECEB77100AD97A9 /* Frameworks */,
				EA9331652ECEB77100AD97A9 /* Resources */,
			);
			buildRules = (
			);
			dependencies = (
				EA9331692ECEB77100AD97A9 /* PBXTargetDependency */,
			);
			fileSystemSynchronizedGroups = (
				EA93316A2ECEB77100AD97A9 /* BoyfriendCameraTests */,
			);
			name = BoyfriendCameraTests;
			packageProductDependencies = (
			);
			productName = BoyfriendCameraTests;
			productReference = EA9331672ECEB77100AD97A9 /* BoyfriendCameraTests.xctest */;
			productType = "com.apple.product-type.bundle.unit-test";
		};
		EA9331702ECEB77100AD97A9 /* BoyfriendCameraUITests */ = {
			isa = PBXNativeTarget;
			buildConfigurationList = EA9331812ECEB77100AD97A9 /* Build configuration list for PBXNativeTarget "BoyfriendCameraUITests" */;
			buildPhases = (
				EA93316D2ECEB77100AD97A9 /* Sources */,
				EA93316E2ECEB77100AD97A9 /* Frameworks */,
				EA93316F2ECEB77100AD97A9 /* Resources */,
			);
			buildRules = (
			);
			dependencies = (
				EA9331732ECEB77100AD97A9 /* PBXTargetDependency */,
			);
			fileSystemSynchronizedGroups = (
				EA9331742ECEB77100AD97A9 /* BoyfriendCameraUITests */,
			);
			name = BoyfriendCameraUITests;
			packageProductDependencies = (
			);
			productName = BoyfriendCameraUITests;
			productReference = EA9331712ECEB77100AD97A9 /* BoyfriendCameraUITests.xctest */;
			productType = "com.apple.product-type.bundle.ui-testing";
		};
/* End PBXNativeTarget section */

/* Begin PBXProject section */
		EA9331522ECEB76F00AD97A9 /* Project object */ = {
			isa = PBXProject;
			attributes = {
				BuildIndependentTargetsInParallel = 1;
				LastSwiftUpdateCheck = 2610;
				LastUpgradeCheck = 2610;
				TargetAttributes = {
					EA9331592ECEB76F00AD97A9 = {
						CreatedOnToolsVersion = 26.1.1;
					};
					EA9331662ECEB77100AD97A9 = {
						CreatedOnToolsVersion = 26.1.1;
						TestTargetID = EA9331592ECEB76F00AD97A9;
					};
					EA9331702ECEB77100AD97A9 = {
						CreatedOnToolsVersion = 26.1.1;
						TestTargetID = EA9331592ECEB76F00AD97A9;
					};
				};
			};
			buildConfigurationList = EA9331552ECEB76F00AD97A9 /* Build configuration list for PBXProject "BoyfriendCamera" */;
			developmentRegion = en;
			hasScannedForEncodings = 0;
			knownRegions = (
				en,
				Base,
			);
			mainGroup = EA9331512ECEB76F00AD97A9;
			minimizedProjectReferenceProxies = 1;
			preferredProjectObjectVersion = 77;
			productRefGroup = EA93315B2ECEB76F00AD97A9 /* Products */;
			projectDirPath = "";
			projectRoot = "";
			targets = (
				EA9331592ECEB76F00AD97A9 /* BoyfriendCamera */,
				EA9331662ECEB77100AD97A9 /* BoyfriendCameraTests */,
				EA9331702ECEB77100AD97A9 /* BoyfriendCameraUITests */,
			);
		};
/* End PBXProject section */

/* Begin PBXResourcesBuildPhase section */
		EA9331582ECEB76F00AD97A9 /* Resources */ = {
			isa = PBXResourcesBuildPhase;
			buildActionMask = 2147483647;
			files = (
			);
			runOnlyForDeploymentPostprocessing = 0;
		};
		EA9331652ECEB77100AD97A9 /* Resources */ = {
			isa = PBXResourcesBuildPhase;
			buildActionMask = 2147483647;
			files = (
			);
			runOnlyForDeploymentPostprocessing = 0;
		};
		EA93316F2ECEB77100AD97A9 /* Resources */ = {
			isa = PBXResourcesBuildPhase;
			buildActionMask = 2147483647;
			files = (
			);
			runOnlyForDeploymentPostprocessing = 0;
		};
/* End PBXResourcesBuildPhase section */

/* Begin PBXSourcesBuildPhase section */
		EA9331562ECEB76F00AD97A9 /* Sources */ = {
			isa = PBXSourcesBuildPhase;
			buildActionMask = 2147483647;
			files = (
				EAF978742EF934CE00B221C1 /* CNNEmotions_2.mlmodel in Sources */,
			);
			runOnlyForDeploymentPostprocessing = 0;
		};
		EA9331632ECEB77100AD97A9 /* Sources */ = {
			isa = PBXSourcesBuildPhase;
			buildActionMask = 2147483647;
			files = (
			);
			runOnlyForDeploymentPostprocessing = 0;
		};
		EA93316D2ECEB77100AD97A9 /* Sources */ = {
			isa = PBXSourcesBuildPhase;
			buildActionMask = 2147483647;
			files = (
			);
			runOnlyForDeploymentPostprocessing = 0;
		};
/* End PBXSourcesBuildPhase section */

/* Begin PBXTargetDependency section */
		EA9331692ECEB77100AD97A9 /* PBXTargetDependency */ = {
			isa = PBXTargetDependency;
			target = EA9331592ECEB76F00AD97A9 /* BoyfriendCamera */;
			targetProxy = EA9331682ECEB77100AD97A9 /* PBXContainerItemProxy */;
		};
		EA9331732ECEB77100AD97A9 /* PBXTargetDependency */ = {
			isa = PBXTargetDependency;
			target = EA9331592ECEB76F00AD97A9 /* BoyfriendCamera */;
			targetProxy = EA9331722ECEB77100AD97A9 /* PBXContainerItemProxy */;
		};
/* End PBXTargetDependency section */

/* Begin XCBuildConfiguration section */
		EA9331792ECEB77100AD97A9 /* Debug */ = {
			isa = XCBuildConfiguration;
			buildSettings = {
				ALWAYS_SEARCH_USER_PATHS = NO;
				ASSETCATALOG_COMPILER_GENERATE_SWIFT_ASSET_SYMBOL_EXTENSIONS = YES;
				CLANG_ANALYZER_NONNULL = YES;
				CLANG_ANALYZER_NUMBER_OBJECT_CONVERSION = YES_AGGRESSIVE;
				CLANG_CXX_LANGUAGE_STANDARD = "gnu++20";
				CLANG_ENABLE_MODULES = YES;
				CLANG_ENABLE_OBJC_ARC = YES;
				CLANG_ENABLE_OBJC_WEAK = YES;
				CLANG_WARN_BLOCK_CAPTURE_AUTORELEASING = YES;
				CLANG_WARN_BOOL_CONVERSION = YES;
				CLANG_WARN_COMMA = YES;
				CLANG_WARN_CONSTANT_CONVERSION = YES;
				CLANG_WARN_DEPRECATED_OBJC_IMPLEMENTATIONS = YES;
				CLANG_WARN_DIRECT_OBJC_ISA_USAGE = YES_ERROR;
				CLANG_WARN_DOCUMENTATION_COMMENTS = YES;
				CLANG_WARN_EMPTY_BODY = YES;
				CLANG_WARN_ENUM_CONVERSION = YES;
				CLANG_WARN_INFINITE_RECURSION = YES;
				CLANG_WARN_INT_CONVERSION = YES;
				CLANG_WARN_NON_LITERAL_NULL_CONVERSION = YES;
				CLANG_WARN_OBJC_IMPLICIT_RETAIN_SELF = YES;
				CLANG_WARN_OBJC_LITERAL_CONVERSION = YES;
				CLANG_WARN_OBJC_ROOT_CLASS = YES_ERROR;
				CLANG_WARN_QUOTED_INCLUDE_IN_FRAMEWORK_HEADER = YES;
				CLANG_WARN_RANGE_LOOP_ANALYSIS = YES;
				CLANG_WARN_STRICT_PROTOTYPES = YES;
				CLANG_WARN_SUSPICIOUS_MOVE = YES;
				CLANG_WARN_UNGUARDED_AVAILABILITY = YES_AGGRESSIVE;
				CLANG_WARN_UNREACHABLE_CODE = YES;
				CLANG_WARN__DUPLICATE_METHOD_MATCH = YES;
				COPY_PHASE_STRIP = NO;
				DEBUG_INFORMATION_FORMAT = dwarf;
				DEVELOPMENT_TEAM = P2448RCH4D;
				ENABLE_STRICT_OBJC_MSGSEND = YES;
				ENABLE_TESTABILITY = YES;
				ENABLE_USER_SCRIPT_SANDBOXING = YES;
				GCC_C_LANGUAGE_STANDARD = gnu17;
				GCC_DYNAMIC_NO_PIC = NO;
				GCC_NO_COMMON_BLOCKS = YES;
				GCC_OPTIMIZATION_LEVEL = 0;
				GCC_PREPROCESSOR_DEFINITIONS = (
					"DEBUG=1",
					"$(inherited)",
				);
				GCC_WARN_64_TO_32_BIT_CONVERSION = YES;
				GCC_WARN_ABOUT_RETURN_TYPE = YES_ERROR;
				GCC_WARN_UNDECLARED_SELECTOR = YES;
				GCC_WARN_UNINITIALIZED_AUTOS = YES_AGGRESSIVE;
				GCC_WARN_UNUSED_FUNCTION = YES;
				GCC_WARN_UNUSED_VARIABLE = YES;
				LOCALIZATION_PREFERS_STRING_CATALOGS = YES;
				MTL_ENABLE_DEBUG_INFO = INCLUDE_SOURCE;
				MTL_FAST_MATH = YES;
				ONLY_ACTIVE_ARCH = YES;
				SWIFT_ACTIVE_COMPILATION_CONDITIONS = "DEBUG $(inherited)";
				SWIFT_OPTIMIZATION_LEVEL = "-Onone";
			};
			name = Debug;
		};
		EA93317A2ECEB77100AD97A9 /* Release */ = {
			isa = XCBuildConfiguration;
			buildSettings = {
				ALWAYS_SEARCH_USER_PATHS = NO;
				ASSETCATALOG_COMPILER_GENERATE_SWIFT_ASSET_SYMBOL_EXTENSIONS = YES;
				CLANG_ANALYZER_NONNULL = YES;
				CLANG_ANALYZER_NUMBER_OBJECT_CONVERSION = YES_AGGRESSIVE;
				CLANG_CXX_LANGUAGE_STANDARD = "gnu++20";
				CLANG_ENABLE_MODULES = YES;
				CLANG_ENABLE_OBJC_ARC = YES;
				CLANG_ENABLE_OBJC_WEAK = YES;
				CLANG_WARN_BLOCK_CAPTURE_AUTORELEASING = YES;
				CLANG_WARN_BOOL_CONVERSION = YES;
				CLANG_WARN_COMMA = YES;
				CLANG_WARN_CONSTANT_CONVERSION = YES;
				CLANG_WARN_DEPRECATED_OBJC_IMPLEMENTATIONS = YES;
				CLANG_WARN_DIRECT_OBJC_ISA_USAGE = YES_ERROR;
				CLANG_WARN_DOCUMENTATION_COMMENTS = YES;
				CLANG_WARN_EMPTY_BODY = YES;
				CLANG_WARN_ENUM_CONVERSION = YES;
				CLANG_WARN_INFINITE_RECURSION = YES;
				CLANG_WARN_INT_CONVERSION = YES;
				CLANG_WARN_NON_LITERAL_NULL_CONVERSION = YES;
				CLANG_WARN_OBJC_IMPLICIT_RETAIN_SELF = YES;
				CLANG_WARN_OBJC_LITERAL_CONVERSION = YES;
				CLANG_WARN_OBJC_ROOT_CLASS = YES_ERROR;
				CLANG_WARN_QUOTED_INCLUDE_IN_FRAMEWORK_HEADER = YES;
				CLANG_WARN_RANGE_LOOP_ANALYSIS = YES;
				CLANG_WARN_STRICT_PROTOTYPES = YES;
				CLANG_WARN_SUSPICIOUS_MOVE = YES;
				CLANG_WARN_UNGUARDED_AVAILABILITY = YES_AGGRESSIVE;
				CLANG_WARN_UNREACHABLE_CODE = YES;
				CLANG_WARN__DUPLICATE_METHOD_MATCH = YES;
				COPY_PHASE_STRIP = NO;
				DEBUG_INFORMATION_FORMAT = "dwarf-with-dsym";
				DEVELOPMENT_TEAM = P2448RCH4D;
				ENABLE_NS_ASSERTIONS = NO;
				ENABLE_STRICT_OBJC_MSGSEND = YES;
				ENABLE_USER_SCRIPT_SANDBOXING = YES;
				GCC_C_LANGUAGE_STANDARD = gnu17;
				GCC_NO_COMMON_BLOCKS = YES;
				GCC_WARN_64_TO_32_BIT_CONVERSION = YES;
				GCC_WARN_ABOUT_RETURN_TYPE = YES_ERROR;
				GCC_WARN_UNDECLARED_SELECTOR = YES;
				GCC_WARN_UNINITIALIZED_AUTOS = YES_AGGRESSIVE;
				GCC_WARN_UNUSED_FUNCTION = YES;
				GCC_WARN_UNUSED_VARIABLE = YES;
				LOCALIZATION_PREFERS_STRING_CATALOGS = YES;
				MTL_ENABLE_DEBUG_INFO = NO;
				MTL_FAST_MATH = YES;
				SWIFT_COMPILATION_MODE = wholemodule;
			};
			name = Release;
		};
		EA93317C2ECEB77100AD97A9 /* Debug */ = {
			isa = XCBuildConfiguration;
			buildSettings = {
				ASSETCATALOG_COMPILER_APPICON_NAME = AppIcon;
				ASSETCATALOG_COMPILER_GLOBAL_ACCENT_COLOR_NAME = AccentColor;
				CODE_SIGN_STYLE = Automatic;
				CURRENT_PROJECT_VERSION = 1;
				DEVELOPMENT_TEAM = M4M3QTWS6N;
				ENABLE_APP_SANDBOX = YES;
				ENABLE_HARDENED_RUNTIME = YES;
				ENABLE_PREVIEWS = YES;
				ENABLE_RESOURCE_ACCESS_PHOTO_LIBRARY = YES;
				ENABLE_USER_SELECTED_FILES = readonly;
				GENERATE_INFOPLIST_FILE = YES;
				INFOPLIST_KEY_NSCameraUsageDescription = "To help you frame photos.";
				INFOPLIST_KEY_NSLocationWhenInUseUsageDescription = "We need your location to calculate the sun's position.";
				INFOPLIST_KEY_NSPhotoLibraryUsageDescription = "Save picture to Photo Library";
				"INFOPLIST_KEY_UIApplicationSceneManifest_Generation[sdk=iphoneos*]" = YES;
				"INFOPLIST_KEY_UIApplicationSceneManifest_Generation[sdk=iphonesimulator*]" = YES;
				"INFOPLIST_KEY_UIApplicationSupportsIndirectInputEvents[sdk=iphoneos*]" = YES;
				"INFOPLIST_KEY_UIApplicationSupportsIndirectInputEvents[sdk=iphonesimulator*]" = YES;
				"INFOPLIST_KEY_UILaunchScreen_Generation[sdk=iphoneos*]" = YES;
				"INFOPLIST_KEY_UILaunchScreen_Generation[sdk=iphonesimulator*]" = YES;
				"INFOPLIST_KEY_UIStatusBarStyle[sdk=iphoneos*]" = UIStatusBarStyleDefault;
				"INFOPLIST_KEY_UIStatusBarStyle[sdk=iphonesimulator*]" = UIStatusBarStyleDefault;
				INFOPLIST_KEY_UISupportedInterfaceOrientations_iPad = "UIInterfaceOrientationPortrait UIInterfaceOrientationPortraitUpsideDown UIInterfaceOrientationLandscapeLeft UIInterfaceOrientationLandscapeRight";
				INFOPLIST_KEY_UISupportedInterfaceOrientations_iPhone = "UIInterfaceOrientationPortrait UIInterfaceOrientationLandscapeLeft UIInterfaceOrientationLandscapeRight";
				IPHONEOS_DEPLOYMENT_TARGET = 26.1;
				LD_RUNPATH_SEARCH_PATHS = "@executable_path/Frameworks";
				"LD_RUNPATH_SEARCH_PATHS[sdk=macosx*]" = "@executable_path/../Frameworks";
				MACOSX_DEPLOYMENT_TARGET = 26.1;
				MARKETING_VERSION = 1.0;
				PRODUCT_BUNDLE_IDENTIFIER = ke.BoyfriendCamera;
				PRODUCT_NAME = "$(TARGET_NAME)";
				REGISTER_APP_GROUPS = YES;
				SDKROOT = auto;
				STRING_CATALOG_GENERATE_SYMBOLS = YES;
				SUPPORTED_PLATFORMS = "iphoneos iphonesimulator macosx xros xrsimulator";
				SWIFT_APPROACHABLE_CONCURRENCY = YES;
				SWIFT_DEFAULT_ACTOR_ISOLATION = MainActor;
				SWIFT_EMIT_LOC_STRINGS = YES;
				SWIFT_UPCOMING_FEATURE_MEMBER_IMPORT_VISIBILITY = YES;
				SWIFT_VERSION = 5.0;
				TARGETED_DEVICE_FAMILY = "1,2,7";
				XROS_DEPLOYMENT_TARGET = 26.1;
			};
			name = Debug;
		};
		EA93317D2ECEB77100AD97A9 /* Release */ = {
			isa = XCBuildConfiguration;
			buildSettings = {
				ASSETCATALOG_COMPILER_APPICON_NAME = AppIcon;
				ASSETCATALOG_COMPILER_GLOBAL_ACCENT_COLOR_NAME = AccentColor;
				CODE_SIGN_STYLE = Automatic;
				CURRENT_PROJECT_VERSION = 1;
				DEVELOPMENT_TEAM = M4M3QTWS6N;
				ENABLE_APP_SANDBOX = YES;
				ENABLE_HARDENED_RUNTIME = YES;
				ENABLE_PREVIEWS = YES;
				ENABLE_RESOURCE_ACCESS_PHOTO_LIBRARY = YES;
				ENABLE_USER_SELECTED_FILES = readonly;
				GENERATE_INFOPLIST_FILE = YES;
				INFOPLIST_KEY_NSCameraUsageDescription = "To help you frame photos.";
				INFOPLIST_KEY_NSLocationWhenInUseUsageDescription = "We need your location to calculate the sun's position.";
				INFOPLIST_KEY_NSPhotoLibraryUsageDescription = "Save picture to Photo Library";
				"INFOPLIST_KEY_UIApplicationSceneManifest_Generation[sdk=iphoneos*]" = YES;
				"INFOPLIST_KEY_UIApplicationSceneManifest_Generation[sdk=iphonesimulator*]" = YES;
				"INFOPLIST_KEY_UIApplicationSupportsIndirectInputEvents[sdk=iphoneos*]" = YES;
				"INFOPLIST_KEY_UIApplicationSupportsIndirectInputEvents[sdk=iphonesimulator*]" = YES;
				"INFOPLIST_KEY_UILaunchScreen_Generation[sdk=iphoneos*]" = YES;
				"INFOPLIST_KEY_UILaunchScreen_Generation[sdk=iphonesimulator*]" = YES;
				"INFOPLIST_KEY_UIStatusBarStyle[sdk=iphoneos*]" = UIStatusBarStyleDefault;
				"INFOPLIST_KEY_UIStatusBarStyle[sdk=iphonesimulator*]" = UIStatusBarStyleDefault;
				INFOPLIST_KEY_UISupportedInterfaceOrientations_iPad = "UIInterfaceOrientationPortrait UIInterfaceOrientationPortraitUpsideDown UIInterfaceOrientationLandscapeLeft UIInterfaceOrientationLandscapeRight";
				INFOPLIST_KEY_UISupportedInterfaceOrientations_iPhone = "UIInterfaceOrientationPortrait UIInterfaceOrientationLandscapeLeft UIInterfaceOrientationLandscapeRight";
				IPHONEOS_DEPLOYMENT_TARGET = 26.1;
				LD_RUNPATH_SEARCH_PATHS = "@executable_path/Frameworks";
				"LD_RUNPATH_SEARCH_PATHS[sdk=macosx*]" = "@executable_path/../Frameworks";
				MACOSX_DEPLOYMENT_TARGET = 26.1;
				MARKETING_VERSION = 1.0;
				PRODUCT_BUNDLE_IDENTIFIER = ke.BoyfriendCamera;
				PRODUCT_NAME = "$(TARGET_NAME)";
				REGISTER_APP_GROUPS = YES;
				SDKROOT = auto;
				STRING_CATALOG_GENERATE_SYMBOLS = YES;
				SUPPORTED_PLATFORMS = "iphoneos iphonesimulator macosx xros xrsimulator";
				SWIFT_APPROACHABLE_CONCURRENCY = YES;
				SWIFT_DEFAULT_ACTOR_ISOLATION = MainActor;
				SWIFT_EMIT_LOC_STRINGS = YES;
				SWIFT_UPCOMING_FEATURE_MEMBER_IMPORT_VISIBILITY = YES;
				SWIFT_VERSION = 5.0;
				TARGETED_DEVICE_FAMILY = "1,2,7";
				XROS_DEPLOYMENT_TARGET = 26.1;
			};
			name = Release;
		};
		EA93317F2ECEB77100AD97A9 /* Debug */ = {
			isa = XCBuildConfiguration;
			buildSettings = {
				BUNDLE_LOADER = "$(TEST_HOST)";
				CODE_SIGN_STYLE = Automatic;
				CURRENT_PROJECT_VERSION = 1;
				DEVELOPMENT_TEAM = M4M3QTWS6N;
				GENERATE_INFOPLIST_FILE = YES;
				IPHONEOS_DEPLOYMENT_TARGET = 26.1;
				MACOSX_DEPLOYMENT_TARGET = 26.1;
				MARKETING_VERSION = 1.0;
				PRODUCT_BUNDLE_IDENTIFIER = ke.BoyfriendCameraTests;
				PRODUCT_NAME = "$(TARGET_NAME)";
				SDKROOT = auto;
				STRING_CATALOG_GENERATE_SYMBOLS = NO;
				SUPPORTED_PLATFORMS = "iphoneos iphonesimulator macosx xros xrsimulator";
				SWIFT_APPROACHABLE_CONCURRENCY = YES;
				SWIFT_EMIT_LOC_STRINGS = NO;
				SWIFT_UPCOMING_FEATURE_MEMBER_IMPORT_VISIBILITY = YES;
				SWIFT_VERSION = 5.0;
				TARGETED_DEVICE_FAMILY = "1,2,7";
				TEST_HOST = "$(BUILT_PRODUCTS_DIR)/BoyfriendCamera.app/$(BUNDLE_EXECUTABLE_FOLDER_PATH)/BoyfriendCamera";
				XROS_DEPLOYMENT_TARGET = 26.1;
			};
			name = Debug;
		};
		EA9331802ECEB77100AD97A9 /* Release */ = {
			isa = XCBuildConfiguration;
			buildSettings = {
				BUNDLE_LOADER = "$(TEST_HOST)";
				CODE_SIGN_STYLE = Automatic;
				CURRENT_PROJECT_VERSION = 1;
				DEVELOPMENT_TEAM = M4M3QTWS6N;
				GENERATE_INFOPLIST_FILE = YES;
				IPHONEOS_DEPLOYMENT_TARGET = 26.1;
				MACOSX_DEPLOYMENT_TARGET = 26.1;
				MARKETING_VERSION = 1.0;
				PRODUCT_BUNDLE_IDENTIFIER = ke.BoyfriendCameraTests;
				PRODUCT_NAME = "$(TARGET_NAME)";
				SDKROOT = auto;
				STRING_CATALOG_GENERATE_SYMBOLS = NO;
				SUPPORTED_PLATFORMS = "iphoneos iphonesimulator macosx xros xrsimulator";
				SWIFT_APPROACHABLE_CONCURRENCY = YES;
				SWIFT_EMIT_LOC_STRINGS = NO;
				SWIFT_UPCOMING_FEATURE_MEMBER_IMPORT_VISIBILITY = YES;
				SWIFT_VERSION = 5.0;
				TARGETED_DEVICE_FAMILY = "1,2,7";
				TEST_HOST = "$(BUILT_PRODUCTS_DIR)/BoyfriendCamera.app/$(BUNDLE_EXECUTABLE_FOLDER_PATH)/BoyfriendCamera";
				XROS_DEPLOYMENT_TARGET = 26.1;
			};
			name = Release;
		};
		EA9331822ECEB77100AD97A9 /* Debug */ = {
			isa = XCBuildConfiguration;
			buildSettings = {
				CODE_SIGN_STYLE = Automatic;
				CURRENT_PROJECT_VERSION = 1;
				DEVELOPMENT_TEAM = M4M3QTWS6N;
				GENERATE_INFOPLIST_FILE = YES;
				IPHONEOS_DEPLOYMENT_TARGET = 26.1;
				MACOSX_DEPLOYMENT_TARGET = 26.1;
				MARKETING_VERSION = 1.0;
				PRODUCT_BUNDLE_IDENTIFIER = ke.BoyfriendCameraUITests;
				PRODUCT_NAME = "$(TARGET_NAME)";
				SDKROOT = auto;
				STRING_CATALOG_GENERATE_SYMBOLS = NO;
				SUPPORTED_PLATFORMS = "iphoneos iphonesimulator macosx xros xrsimulator";
				SWIFT_APPROACHABLE_CONCURRENCY = YES;
				SWIFT_EMIT_LOC_STRINGS = NO;
				SWIFT_UPCOMING_FEATURE_MEMBER_IMPORT_VISIBILITY = YES;
				SWIFT_VERSION = 5.0;
				TARGETED_DEVICE_FAMILY = "1,2,7";
				TEST_TARGET_NAME = BoyfriendCamera;
				XROS_DEPLOYMENT_TARGET = 26.1;
			};
			name = Debug;
		};
		EA9331832ECEB77100AD97A9 /* Release */ = {
			isa = XCBuildConfiguration;
			buildSettings = {
				CODE_SIGN_STYLE = Automatic;
				CURRENT_PROJECT_VERSION = 1;
				DEVELOPMENT_TEAM = M4M3QTWS6N;
				GENERATE_INFOPLIST_FILE = YES;
				IPHONEOS_DEPLOYMENT_TARGET = 26.1;
				MACOSX_DEPLOYMENT_TARGET = 26.1;
				MARKETING_VERSION = 1.0;
				PRODUCT_BUNDLE_IDENTIFIER = ke.BoyfriendCameraUITests;
				PRODUCT_NAME = "$(TARGET_NAME)";
				SDKROOT = auto;
				STRING_CATALOG_GENERATE_SYMBOLS = NO;
				SUPPORTED_PLATFORMS = "iphoneos iphonesimulator macosx xros xrsimulator";
				SWIFT_APPROACHABLE_CONCURRENCY = YES;
				SWIFT_EMIT_LOC_STRINGS = NO;
				SWIFT_UPCOMING_FEATURE_MEMBER_IMPORT_VISIBILITY = YES;
				SWIFT_VERSION = 5.0;
				TARGETED_DEVICE_FAMILY = "1,2,7";
				TEST_TARGET_NAME = BoyfriendCamera;
				XROS_DEPLOYMENT_TARGET = 26.1;
			};
			name = Release;
		};
/* End XCBuildConfiguration section */

/* Begin XCConfigurationList section */
		EA9331552ECEB76F00AD97A9 /* Build configuration list for PBXProject "BoyfriendCamera" */ = {
			isa = XCConfigurationList;
			buildConfigurations = (
				EA9331792ECEB77100AD97A9 /* Debug */,
				EA93317A2ECEB77100AD97A9 /* Release */,
			);
			defaultConfigurationIsVisible = 0;
			defaultConfigurationName = Release;
		};
		EA93317B2ECEB77100AD97A9 /* Build configuration list for PBXNativeTarget "BoyfriendCamera" */ = {
			isa = XCConfigurationList;
			buildConfigurations = (
				EA93317C2ECEB77100AD97A9 /* Debug */,
				EA93317D2ECEB77100AD97A9 /* Release */,
			);
			defaultConfigurationIsVisible = 0;
			defaultConfigurationName = Release;
		};
		EA93317E2ECEB77100AD97A9 /* Build configuration list for PBXNativeTarget "BoyfriendCameraTests" */ = {
			isa = XCConfigurationList;
			buildConfigurations = (
				EA93317F2ECEB77100AD97A9 /* Debug */,
				EA9331802ECEB77100AD97A9 /* Release */,
			);
			defaultConfigurationIsVisible = 0;
			defaultConfigurationName = Release;
		};
		EA9331812ECEB77100AD97A9 /* Build configuration list for PBXNativeTarget "BoyfriendCameraUITests" */ = {
			isa = XCConfigurationList;
			buildConfigurations = (
				EA9331822ECEB77100AD97A9 /* Debug */,
				EA9331832ECEB77100AD97A9 /* Release */,
			);
			defaultConfigurationIsVisible = 0;
			defaultConfigurationName = Release;
		};
/* End XCConfigurationList section */
	};
	rootObject = EA9331522ECEB76F00AD97A9 /* Project object */;
}
